// !$*UTF8*$!
{
	archiveVersion = 1;
	classes = {
	};
	objectVersion = 77;
	objects = {

/* Begin PBXContainerItemProxy section */
		A453A7052E1F283B0000BC43 /* PBXContainerItemProxy */ = {
			isa = PBXContainerItemProxy;
			containerPortal = A453A6EF2E1F28390000BC43 /* Project object */;
			proxyType = 1;
			remoteGlobalIDString = A453A6F62E1F28390000BC43;
			remoteInfo = "ai-nutrition-ios";
		};
		A453A70F2E1F283B0000BC43 /* PBXContainerItemProxy */ = {
			isa = PBXContainerItemProxy;
			containerPortal = A453A6EF2E1F28390000BC43 /* Project object */;
			proxyType = 1;
			remoteGlobalIDString = A453A6F62E1F28390000BC43;
			remoteInfo = "ai-nutrition-ios";
		};
/* End PBXContainerItemProxy section */

/* Begin PBXFileReference section */
		A453A6F72E1F28390000BC43 /* ai-nutrition-ios.app */ = {isa = PBXFileReference; explicitFileType = wrapper.application; includeInIndex = 0; path = "ai-nutrition-ios.app"; sourceTree = BUILT_PRODUCTS_DIR; };
		A453A7042E1F283B0000BC43 /* ai-nutrition-iosTests.xctest */ = {isa = PBXFileReference; explicitFileType = wrapper.cfbundle; includeInIndex = 0; path = "ai-nutrition-iosTests.xctest"; sourceTree = BUILT_PRODUCTS_DIR; };
		A453A70E2E1F283B0000BC43 /* ai-nutrition-iosUITests.xctest */ = {isa = PBXFileReference; explicitFileType = wrapper.cfbundle; includeInIndex = 0; path = "ai-nutrition-iosUITests.xctest"; sourceTree = BUILT_PRODUCTS_DIR; };
/* End PBXFileReference section */

/* Begin PBXFileSystemSynchronizedRootGroup section */
		A453A6F92E1F28390000BC43 /* ai-nutrition-ios */ = {
			isa = PBXFileSystemSynchronizedRootGroup;
			path = "ai-nutrition-ios";
			sourceTree = "<group>";
		};
		A453A7072E1F283B0000BC43 /* ai-nutrition-iosTests */ = {
			isa = PBXFileSystemSynchronizedRootGroup;
			path = "ai-nutrition-iosTests";
			sourceTree = "<group>";
		};
		A453A7112E1F283B0000BC43 /* ai-nutrition-iosUITests */ = {
			isa = PBXFileSystemSynchronizedRootGroup;
			path = "ai-nutrition-iosUITests";
			sourceTree = "<group>";
		};
/* End PBXFileSystemSynchronizedRootGroup section */

/* Begin PBXFrameworksBuildPhase section */
		A453A6F42E1F28390000BC43 /* Frameworks */ = {
			isa = PBXFrameworksBuildPhase;
			buildActionMask = 2147483647;
			files = (
			);
			runOnlyForDeploymentPostprocessing = 0;
		};
		A453A7012E1F283B0000BC43 /* Frameworks */ = {
			isa = PBXFrameworksBuildPhase;
			buildActionMask = 2147483647;
			files = (
			);
			runOnlyForDeploymentPostprocessing = 0;
		};
		A453A70B2E1F283B0000BC43 /* Frameworks */ = {
			isa = PBXFrameworksBuildPhase;
			buildActionMask = 2147483647;
			files = (
			);
			runOnlyForDeploymentPostprocessing = 0;
		};
/* End PBXFrameworksBuildPhase section */

/* Begin PBXGroup section */
		A453A6EE2E1F28390000BC43 = {
			isa = PBXGroup;
			children = (
				A453A6F92E1F28390000BC43 /* ai-nutrition-ios */,
				A453A7072E1F283B0000BC43 /* ai-nutrition-iosTests */,
				A453A7112E1F283B0000BC43 /* ai-nutrition-iosUITests */,
				A453A6F82E1F28390000BC43 /* Products */,
			);
			sourceTree = "<group>";
		};
		A453A6F82E1F28390000BC43 /* Products */ = {
			isa = PBXGroup;
			children = (
				A453A6F72E1F28390000BC43 /* ai-nutrition-ios.app */,
				A453A7042E1F283B0000BC43 /* ai-nutrition-iosTests.xctest */,
				A453A70E2E1F283B0000BC43 /* ai-nutrition-iosUITests.xctest */,
			);
			name = Products;
			sourceTree = "<group>";
		};
/* End PBXGroup section */

/* Begin PBXNativeTarget section */
		A453A6F62E1F28390000BC43 /* ai-nutrition-ios */ = {
			isa = PBXNativeTarget;
			buildConfigurationList = A453A7182E1F283B0000BC43 /* Build configuration list for PBXNativeTarget "ai-nutrition-ios" */;
			buildPhases = (
				A453A6F32E1F28390000BC43 /* Sources */,
				A453A6F42E1F28390000BC43 /* Frameworks */,
				A453A6F52E1F28390000BC43 /* Resources */,
			);
			buildRules = (
			);
			dependencies = (
			);
			fileSystemSynchronizedGroups = (
				A453A6F92E1F28390000BC43 /* ai-nutrition-ios */,
			);
			name = "ai-nutrition-ios";
			packageProductDependencies = (
			);
			productName = "ai-nutrition-ios";
			productReference = A453A6F72E1F28390000BC43 /* ai-nutrition-ios.app */;
			productType = "com.apple.product-type.application";
		};
		A453A7032E1F283B0000BC43 /* ai-nutrition-iosTests */ = {
			isa = PBXNativeTarget;
			buildConfigurationList = A453A71B2E1F283B0000BC43 /* Build configuration list for PBXNativeTarget "ai-nutrition-iosTests" */;
			buildPhases = (
				A453A7002E1F283B0000BC43 /* Sources */,
				A453A7012E1F283B0000BC43 /* Frameworks */,
				A453A7022E1F283B0000BC43 /* Resources */,
			);
			buildRules = (
			);
			dependencies = (
				A453A7062E1F283B0000BC43 /* PBXTargetDependency */,
			);
			fileSystemSynchronizedGroups = (
				A453A7072E1F283B0000BC43 /* ai-nutrition-iosTests */,
			);
			name = "ai-nutrition-iosTests";
			packageProductDependencies = (
			);
			productName = "ai-nutrition-iosTests";
			productReference = A453A7042E1F283B0000BC43 /* ai-nutrition-iosTests.xctest */;
			productType = "com.apple.product-type.bundle.unit-test";
		};
		A453A70D2E1F283B0000BC43 /* ai-nutrition-iosUITests */ = {
			isa = PBXNativeTarget;
			buildConfigurationList = A453A71E2E1F283B0000BC43 /* Build configuration list for PBXNativeTarget "ai-nutrition-iosUITests" */;
			buildPhases = (
				A453A70A2E1F283B0000BC43 /* Sources */,
				A453A70B2E1F283B0000BC43 /* Frameworks */,
				A453A70C2E1F283B0000BC43 /* Resources */,
			);
			buildRules = (
			);
			dependencies = (
				A453A7102E1F283B0000BC43 /* PBXTargetDependency */,
			);
			fileSystemSynchronizedGroups = (
				A453A7112E1F283B0000BC43 /* ai-nutrition-iosUITests */,
			);
			name = "ai-nutrition-iosUITests";
			packageProductDependencies = (
			);
			productName = "ai-nutrition-iosUITests";
			productReference = A453A70E2E1F283B0000BC43 /* ai-nutrition-iosUITests.xctest */;
			productType = "com.apple.product-type.bundle.ui-testing";
		};
/* End PBXNativeTarget section */

/* Begin PBXProject section */
		A453A6EF2E1F28390000BC43 /* Project object */ = {
			isa = PBXProject;
			attributes = {
				BuildIndependentTargetsInParallel = 1;
				LastSwiftUpdateCheck = 1640;
				LastUpgradeCheck = 1640;
				TargetAttributes = {
					A453A6F62E1F28390000BC43 = {
						CreatedOnToolsVersion = 16.4;
					};
					A453A7032E1F283B0000BC43 = {
						CreatedOnToolsVersion = 16.4;
						TestTargetID = A453A6F62E1F28390000BC43;
					};
					A453A70D2E1F283B0000BC43 = {
						CreatedOnToolsVersion = 16.4;
						TestTargetID = A453A6F62E1F28390000BC43;
					};
				};
			};
			buildConfigurationList = A453A6F22E1F28390000BC43 /* Build configuration list for PBXProject "ai-nutrition-ios" */;
			developmentRegion = en;
			hasScannedForEncodings = 0;
			knownRegions = (
				en,
				Base,
			);
			mainGroup = A453A6EE2E1F28390000BC43;
			minimizedProjectReferenceProxies = 1;
			preferredProjectObjectVersion = 77;
			productRefGroup = A453A6F82E1F28390000BC43 /* Products */;
			projectDirPath = "";
			projectRoot = "";
			targets = (
				A453A6F62E1F28390000BC43 /* ai-nutrition-ios */,
				A453A7032E1F283B0000BC43 /* ai-nutrition-iosTests */,
				A453A70D2E1F283B0000BC43 /* ai-nutrition-iosUITests */,
			);
		};
/* End PBXProject section */

/* Begin PBXResourcesBuildPhase section */
		A453A6F52E1F28390000BC43 /* Resources */ = {
			isa = PBXResourcesBuildPhase;
			buildActionMask = 2147483647;
			files = (
			);
			runOnlyForDeploymentPostprocessing = 0;
		};
		A453A7022E1F283B0000BC43 /* Resources */ = {
			isa = PBXResourcesBuildPhase;
			buildActionMask = 2147483647;
			files = (
			);
			runOnlyForDeploymentPostprocessing = 0;
		};
		A453A70C2E1F283B0000BC43 /* Resources */ = {
			isa = PBXResourcesBuildPhase;
			buildActionMask = 2147483647;
			files = (
			);
			runOnlyForDeploymentPostprocessing = 0;
		};
/* End PBXResourcesBuildPhase section */

/* Begin PBXSourcesBuildPhase section */
		A453A6F32E1F28390000BC43 /* Sources */ = {
			isa = PBXSourcesBuildPhase;
			buildActionMask = 2147483647;
			files = (
			);
			runOnlyForDeploymentPostprocessing = 0;
		};
		A453A7002E1F283B0000BC43 /* Sources */ = {
			isa = PBXSourcesBuildPhase;
			buildActionMask = 2147483647;
			files = (
			);
			runOnlyForDeploymentPostprocessing = 0;
		};
		A453A70A2E1F283B0000BC43 /* Sources */ = {
			isa = PBXSourcesBuildPhase;
			buildActionMask = 2147483647;
			files = (
			);
			runOnlyForDeploymentPostprocessing = 0;
		};
/* End PBXSourcesBuildPhase section */

/* Begin PBXTargetDependency section */
		A453A7062E1F283B0000BC43 /* PBXTargetDependency */ = {
			isa = PBXTargetDependency;
			target = A453A6F62E1F28390000BC43 /* ai-nutrition-ios */;
			targetProxy = A453A7052E1F283B0000BC43 /* PBXContainerItemProxy */;
		};
		A453A7102E1F283B0000BC43 /* PBXTargetDependency */ = {
			isa = PBXTargetDependency;
			target = A453A6F62E1F28390000BC43 /* ai-nutrition-ios */;
			targetProxy = A453A70F2E1F283B0000BC43 /* PBXContainerItemProxy */;
		};
/* End PBXTargetDependency section */

/* Begin XCBuildConfiguration section */
		A453A7162E1F283B0000BC43 /* Debug */ = {
			isa = XCBuildConfiguration;
			buildSettings = {
				ALWAYS_SEARCH_USER_PATHS = NO;
				ASSETCATALOG_COMPILER_GENERATE_SWIFT_ASSET_SYMBOL_EXTENSIONS = YES;
				CLANG_ANALYZER_NONNULL = YES;
				CLANG_ANALYZER_NUMBER_OBJECT_CONVERSION = YES_AGGRESSIVE;
				CLANG_CXX_LANGUAGE_STANDARD = "gnu++20";
				CLANG_ENABLE_MODULES = YES;
				CLANG_ENABLE_OBJC_ARC = YES;
				CLANG_ENABLE_OBJC_WEAK = YES;
				CLANG_WARN_BLOCK_CAPTURE_AUTORELEASING = YES;
				CLANG_WARN_BOOL_CONVERSION = YES;
				CLANG_WARN_COMMA = YES;
				CLANG_WARN_CONSTANT_CONVERSION = YES;
				CLANG_WARN_DEPRECATED_OBJC_IMPLEMENTATIONS = YES;
				CLANG_WARN_DIRECT_OBJC_ISA_USAGE = YES_ERROR;
				CLANG_WARN_DOCUMENTATION_COMMENTS = YES;
				CLANG_WARN_EMPTY_BODY = YES;
				CLANG_WARN_ENUM_CONVERSION = YES;
				CLANG_WARN_INFINITE_RECURSION = YES;
				CLANG_WARN_INT_CONVERSION = YES;
				CLANG_WARN_NON_LITERAL_NULL_CONVERSION = YES;
				CLANG_WARN_OBJC_IMPLICIT_RETAIN_SELF = YES;
				CLANG_WARN_OBJC_LITERAL_CONVERSION = YES;
				CLANG_WARN_OBJC_ROOT_CLASS = YES_ERROR;
				CLANG_WARN_QUOTED_INCLUDE_IN_FRAMEWORK_HEADER = YES;
				CLANG_WARN_RANGE_LOOP_ANALYSIS = YES;
				CLANG_WARN_STRICT_PROTOTYPES = YES;
				CLANG_WARN_SUSPICIOUS_MOVE = YES;
				CLANG_WARN_UNGUARDED_AVAILABILITY = YES_AGGRESSIVE;
				CLANG_WARN_UNREACHABLE_CODE = YES;
				CLANG_WARN__DUPLICATE_METHOD_MATCH = YES;
				COPY_PHASE_STRIP = NO;
				DEBUG_INFORMATION_FORMAT = dwarf;
				DEVELOPMENT_TEAM = S48MX8YKK9;
				ENABLE_STRICT_OBJC_MSGSEND = YES;
				ENABLE_TESTABILITY = YES;
				ENABLE_USER_SCRIPT_SANDBOXING = YES;
				GCC_C_LANGUAGE_STANDARD = gnu17;
				GCC_DYNAMIC_NO_PIC = NO;
				GCC_NO_COMMON_BLOCKS = YES;
				GCC_OPTIMIZATION_LEVEL = 0;
				GCC_PREPROCESSOR_DEFINITIONS = (
					"DEBUG=1",
					"$(inherited)",
				);
				GCC_WARN_64_TO_32_BIT_CONVERSION = YES;
				GCC_WARN_ABOUT_RETURN_TYPE = YES_ERROR;
				GCC_WARN_UNDECLARED_SELECTOR = YES;
				GCC_WARN_UNINITIALIZED_AUTOS = YES_AGGRESSIVE;
				GCC_WARN_UNUSED_FUNCTION = YES;
				GCC_WARN_UNUSED_VARIABLE = YES;
				IPHONEOS_DEPLOYMENT_TARGET = 18.5;
				LOCALIZATION_PREFERS_STRING_CATALOGS = YES;
				MTL_ENABLE_DEBUG_INFO = INCLUDE_SOURCE;
				MTL_FAST_MATH = YES;
				ONLY_ACTIVE_ARCH = YES;
				SDKROOT = iphoneos;
				SWIFT_ACTIVE_COMPILATION_CONDITIONS = "DEBUG $(inherited)";
				SWIFT_OPTIMIZATION_LEVEL = "-Onone";
			};
			name = Debug;
		};
		A453A7172E1F283B0000BC43 /* Release */ = {
			isa = XCBuildConfiguration;
			buildSettings = {
				ALWAYS_SEARCH_USER_PATHS = NO;
				ASSETCATALOG_COMPILER_GENERATE_SWIFT_ASSET_SYMBOL_EXTENSIONS = YES;
				CLANG_ANALYZER_NONNULL = YES;
				CLANG_ANALYZER_NUMBER_OBJECT_CONVERSION = YES_AGGRESSIVE;
				CLANG_CXX_LANGUAGE_STANDARD = "gnu++20";
				CLANG_ENABLE_MODULES = YES;
				CLANG_ENABLE_OBJC_ARC = YES;
				CLANG_ENABLE_OBJC_WEAK = YES;
				CLANG_WARN_BLOCK_CAPTURE_AUTORELEASING = YES;
				CLANG_WARN_BOOL_CONVERSION = YES;
				CLANG_WARN_COMMA = YES;
				CLANG_WARN_CONSTANT_CONVERSION = YES;
				CLANG_WARN_DEPRECATED_OBJC_IMPLEMENTATIONS = YES;
				CLANG_WARN_DIRECT_OBJC_ISA_USAGE = YES_ERROR;
				CLANG_WARN_DOCUMENTATION_COMMENTS = YES;
				CLANG_WARN_EMPTY_BODY = YES;
				CLANG_WARN_ENUM_CONVERSION = YES;
				CLANG_WARN_INFINITE_RECURSION = YES;
				CLANG_WARN_INT_CONVERSION = YES;
				CLANG_WARN_NON_LITERAL_NULL_CONVERSION = YES;
				CLANG_WARN_OBJC_IMPLICIT_RETAIN_SELF = YES;
				CLANG_WARN_OBJC_LITERAL_CONVERSION = YES;
				CLANG_WARN_OBJC_ROOT_CLASS = YES_ERROR;
				CLANG_WARN_QUOTED_INCLUDE_IN_FRAMEWORK_HEADER = YES;
				CLANG_WARN_RANGE_LOOP_ANALYSIS = YES;
				CLANG_WARN_STRICT_PROTOTYPES = YES;
				CLANG_WARN_SUSPICIOUS_MOVE = YES;
				CLANG_WARN_UNGUARDED_AVAILABILITY = YES_AGGRESSIVE;
				CLANG_WARN_UNREACHABLE_CODE = YES;
				CLANG_WARN__DUPLICATE_METHOD_MATCH = YES;
				COPY_PHASE_STRIP = NO;
				DEBUG_INFORMATION_FORMAT = "dwarf-with-dsym";
				DEVELOPMENT_TEAM = S48MX8YKK9;
				ENABLE_NS_ASSERTIONS = NO;
				ENABLE_STRICT_OBJC_MSGSEND = YES;
				ENABLE_USER_SCRIPT_SANDBOXING = YES;
				GCC_C_LANGUAGE_STANDARD = gnu17;
				GCC_NO_COMMON_BLOCKS = YES;
				GCC_WARN_64_TO_32_BIT_CONVERSION = YES;
				GCC_WARN_ABOUT_RETURN_TYPE = YES_ERROR;
				GCC_WARN_UNDECLARED_SELECTOR = YES;
				GCC_WARN_UNINITIALIZED_AUTOS = YES_AGGRESSIVE;
				GCC_WARN_UNUSED_FUNCTION = YES;
				GCC_WARN_UNUSED_VARIABLE = YES;
				IPHONEOS_DEPLOYMENT_TARGET = 18.5;
				LOCALIZATION_PREFERS_STRING_CATALOGS = YES;
				MTL_ENABLE_DEBUG_INFO = NO;
				MTL_FAST_MATH = YES;
				SDKROOT = iphoneos;
				SWIFT_COMPILATION_MODE = wholemodule;
				VALIDATE_PRODUCT = YES;
			};
			name = Release;
		};
		A453A7192E1F283B0000BC43 /* Debug */ = {
			isa = XCBuildConfiguration;
			buildSettings = {
				ASSETCATALOG_COMPILER_APPICON_NAME = AppIcon;
				ASSETCATALOG_COMPILER_GLOBAL_ACCENT_COLOR_NAME = AccentColor;
				CODE_SIGN_STYLE = Automatic;
				CURRENT_PROJECT_VERSION = 1;
				DEVELOPMENT_TEAM = S48MX8YKK9;
				ENABLE_PREVIEWS = YES;
				GENERATE_INFOPLIST_FILE = YES;
				INFOPLIST_KEY_UIApplicationSceneManifest_Generation = YES;
				INFOPLIST_KEY_UIApplicationSupportsIndirectInputEvents = YES;
				INFOPLIST_KEY_UILaunchScreen_Generation = YES;
				INFOPLIST_KEY_UISupportedInterfaceOrientations_iPad = "UIInterfaceOrientationPortrait UIInterfaceOrientationPortraitUpsideDown UIInterfaceOrientationLandscapeLeft UIInterfaceOrientationLandscapeRight";
				INFOPLIST_KEY_UISupportedInterfaceOrientations_iPhone = "UIInterfaceOrientationPortrait UIInterfaceOrientationLandscapeLeft UIInterfaceOrientationLandscapeRight";
				LD_RUNPATH_SEARCH_PATHS = (
					"$(inherited)",
					"@executable_path/Frameworks",
				);
				MARKETING_VERSION = 1.0;
				PRODUCT_BUNDLE_IDENTIFIER = "zd.ai-nutrition-ios";
				PRODUCT_NAME = "$(TARGET_NAME)";
				SWIFT_EMIT_LOC_STRINGS = YES;
				SWIFT_VERSION = 5.0;
				TARGETED_DEVICE_FAMILY = "1,2";
			};
			name = Debug;
		};
		A453A71A2E1F283B0000BC43 /* Release */ = {
			isa = XCBuildConfiguration;
			buildSettings = {
				ASSETCATALOG_COMPILER_APPICON_NAME = AppIcon;
				ASSETCATALOG_COMPILER_GLOBAL_ACCENT_COLOR_NAME = AccentColor;
				CODE_SIGN_STYLE = Automatic;
				CURRENT_PROJECT_VERSION = 1;
				DEVELOPMENT_TEAM = S48MX8YKK9;
				ENABLE_PREVIEWS = YES;
				GENERATE_INFOPLIST_FILE = YES;
				INFOPLIST_KEY_UIApplicationSceneManifest_Generation = YES;
				INFOPLIST_KEY_UIApplicationSupportsIndirectInputEvents = YES;
				INFOPLIST_KEY_UILaunchScreen_Generation = YES;
				INFOPLIST_KEY_UISupportedInterfaceOrientations_iPad = "UIInterfaceOrientationPortrait UIInterfaceOrientationPortraitUpsideDown UIInterfaceOrientationLandscapeLeft UIInterfaceOrientationLandscapeRight";
				INFOPLIST_KEY_UISupportedInterfaceOrientations_iPhone = "UIInterfaceOrientationPortrait UIInterfaceOrientationLandscapeLeft UIInterfaceOrientationLandscapeRight";
				LD_RUNPATH_SEARCH_PATHS = (
					"$(inherited)",
					"@executable_path/Frameworks",
				);
				MARKETING_VERSION = 1.0;
				PRODUCT_BUNDLE_IDENTIFIER = "zd.ai-nutrition-ios";
				PRODUCT_NAME = "$(TARGET_NAME)";
				SWIFT_EMIT_LOC_STRINGS = YES;
				SWIFT_VERSION = 5.0;
				TARGETED_DEVICE_FAMILY = "1,2";
			};
			name = Release;
		};
		A453A71C2E1F283B0000BC43 /* Debug */ = {
			isa = XCBuildConfiguration;
			buildSettings = {
				BUNDLE_LOADER = "$(TEST_HOST)";
				CODE_SIGN_STYLE = Automatic;
				CURRENT_PROJECT_VERSION = 1;
				DEVELOPMENT_TEAM = S48MX8YKK9;
				GENERATE_INFOPLIST_FILE = YES;
				IPHONEOS_DEPLOYMENT_TARGET = 18.5;
				MARKETING_VERSION = 1.0;
				PRODUCT_BUNDLE_IDENTIFIER = "zd.ai-nutrition-iosTests";
				PRODUCT_NAME = "$(TARGET_NAME)";
				SWIFT_EMIT_LOC_STRINGS = NO;
				SWIFT_VERSION = 5.0;
				TARGETED_DEVICE_FAMILY = "1,2";
				TEST_HOST = "$(BUILT_PRODUCTS_DIR)/ai-nutrition-ios.app/$(BUNDLE_EXECUTABLE_FOLDER_PATH)/ai-nutrition-ios";
			};
			name = Debug;
		};
		A453A71D2E1F283B0000BC43 /* Release */ = {
			isa = XCBuildConfiguration;
			buildSettings = {
				BUNDLE_LOADER = "$(TEST_HOST)";
				CODE_SIGN_STYLE = Automatic;
				CURRENT_PROJECT_VERSION = 1;
				DEVELOPMENT_TEAM = S48MX8YKK9;
				GENERATE_INFOPLIST_FILE = YES;
				IPHONEOS_DEPLOYMENT_TARGET = 18.5;
				MARKETING_VERSION = 1.0;
				PRODUCT_BUNDLE_IDENTIFIER = "zd.ai-nutrition-iosTests";
				PRODUCT_NAME = "$(TARGET_NAME)";
				SWIFT_EMIT_LOC_STRINGS = NO;
				SWIFT_VERSION = 5.0;
				TARGETED_DEVICE_FAMILY = "1,2";
				TEST_HOST = "$(BUILT_PRODUCTS_DIR)/ai-nutrition-ios.app/$(BUNDLE_EXECUTABLE_FOLDER_PATH)/ai-nutrition-ios";
			};
			name = Release;
		};
		A453A71F2E1F283B0000BC43 /* Debug */ = {
			isa = XCBuildConfiguration;
			buildSettings = {
				CODE_SIGN_STYLE = Automatic;
				CURRENT_PROJECT_VERSION = 1;
				DEVELOPMENT_TEAM = S48MX8YKK9;
				GENERATE_INFOPLIST_FILE = YES;
				MARKETING_VERSION = 1.0;
				PRODUCT_BUNDLE_IDENTIFIER = "zd.ai-nutrition-iosUITests";
				PRODUCT_NAME = "$(TARGET_NAME)";
				SWIFT_EMIT_LOC_STRINGS = NO;
				SWIFT_VERSION = 5.0;
				TARGETED_DEVICE_FAMILY = "1,2";
				TEST_TARGET_NAME = "ai-nutrition-ios";
			};
			name = Debug;
		};
		A453A7202E1F283B0000BC43 /* Release */ = {
			isa = XCBuildConfiguration;
			buildSettings = {
				CODE_SIGN_STYLE = Automatic;
				CURRENT_PROJECT_VERSION = 1;
				DEVELOPMENT_TEAM = S48MX8YKK9;
				GENERATE_INFOPLIST_FILE = YES;
				MARKETING_VERSION = 1.0;
				PRODUCT_BUNDLE_IDENTIFIER = "zd.ai-nutrition-iosUITests";
				PRODUCT_NAME = "$(TARGET_NAME)";
				SWIFT_EMIT_LOC_STRINGS = NO;
				SWIFT_VERSION = 5.0;
				TARGETED_DEVICE_FAMILY = "1,2";
				TEST_TARGET_NAME = "ai-nutrition-ios";
			};
			name = Release;
		};
/* End XCBuildConfiguration section */

/* Begin XCConfigurationList section */
		A453A6F22E1F28390000BC43 /* Build configuration list for PBXProject "ai-nutrition-ios" */ = {
			isa = XCConfigurationList;
			buildConfigurations = (
				A453A7162E1F283B0000BC43 /* Debug */,
				A453A7172E1F283B0000BC43 /* Release */,
			);
			defaultConfigurationIsVisible = 0;
			defaultConfigurationName = Release;
		};
		A453A7182E1F283B0000BC43 /* Build configuration list for PBXNativeTarget "ai-nutrition-ios" */ = {
			isa = XCConfigurationList;
			buildConfigurations = (
				A453A7192E1F283B0000BC43 /* Debug */,
				A453A71A2E1F283B0000BC43 /* Release */,
			);
			defaultConfigurationIsVisible = 0;
			defaultConfigurationName = Release;
		};
		A453A71B2E1F283B0000BC43 /* Build configuration list for PBXNativeTarget "ai-nutrition-iosTests" */ = {
			isa = XCConfigurationList;
			buildConfigurations = (
				A453A71C2E1F283B0000BC43 /* Debug */,
				A453A71D2E1F283B0000BC43 /* Release */,
			);
			defaultConfigurationIsVisible = 0;
			defaultConfigurationName = Release;
		};
		A453A71E2E1F283B0000BC43 /* Build configuration list for PBXNativeTarget "ai-nutrition-iosUITests" */ = {
			isa = XCConfigurationList;
			buildConfigurations = (
				A453A71F2E1F283B0000BC43 /* Debug */,
				A453A7202E1F283B0000BC43 /* Release */,
			);
			defaultConfigurationIsVisible = 0;
			defaultConfigurationName = Release;
		};
/* End XCConfigurationList section */
	};
	rootObject = A453A6EF2E1F28390000BC43 /* Project object */;
}
